// !$*UTF8*$!
{
	archiveVersion = 1;
	classes = {
	};
	objectVersion = 77;
	objects = {

/* Begin PBXBuildFile section */
		8B90D1482DEDD44A00FBD189 /* contextFeature in Frameworks */ = {isa = PBXBuildFile; productRef = 8B90D1472DEDD44A00FBD189 /* contextFeature */; };
/* End PBXBuildFile section */

/* Begin PBXContainerItemProxy section */
		8BC265752DEDD3F500F279A4 /* PBXContainerItemProxy */ = {
			isa = PBXContainerItemProxy;
			containerPortal = 8BC265542DEDD3F400F279A4 /* Project object */;
			proxyType = 1;
			remoteGlobalIDString = 8BC2655B2DEDD3F400F279A4;
			remoteInfo = context;
		};
/* End PBXContainerItemProxy section */

/* Begin PBXFileReference section */
		8BC2655C2DEDD3F400F279A4 /* .app */ = {isa = PBXFileReference; explicitFileType = wrapper.application; includeInIndex = 0; path = .app; sourceTree = BUILT_PRODUCTS_DIR; };
		8BC265742DEDD3F500F279A4 /* .xctest */ = {isa = PBXFileReference; explicitFileType = wrapper.cfbundle; includeInIndex = 0; path = .xctest; sourceTree = BUILT_PRODUCTS_DIR; };
/* End PBXFileReference section */

/* Begin PBXFileSystemSynchronizedRootGroup section */
		8B90D1BC2DEE373300FBD189 /* Config */ = {
			isa = PBXFileSystemSynchronizedRootGroup;
			path = Config;
			sourceTree = "<group>";
		};
		8BC2655E2DEDD3F400F279A4 /* context */ = {
			isa = PBXFileSystemSynchronizedRootGroup;
			path = context;
			sourceTree = "<group>";
		};
		8BC265772DEDD3F500F279A4 /* contextUITests */ = {
			isa = PBXFileSystemSynchronizedRootGroup;
			path = contextUITests;
			sourceTree = "<group>";
		};
/* End PBXFileSystemSynchronizedRootGroup section */

/* Begin PBXFrameworksBuildPhase section */
		8BC265592DEDD3F400F279A4 /* Frameworks */ = {
			isa = PBXFrameworksBuildPhase;
			buildActionMask = 2147483647;
			files = (
				8B90D1482DEDD44A00FBD189 /* contextFeature in Frameworks */,
			);
			runOnlyForDeploymentPostprocessing = 0;
		};
		8BC265712DEDD3F500F279A4 /* Frameworks */ = {
			isa = PBXFrameworksBuildPhase;
			buildActionMask = 2147483647;
			files = (
			);
			runOnlyForDeploymentPostprocessing = 0;
		};
/* End PBXFrameworksBuildPhase section */

/* Begin PBXGroup section */
		8B90D1462DEDD44A00FBD189 /* Frameworks */ = {
			isa = PBXGroup;
			children = (
			);
			name = Frameworks;
			sourceTree = "<group>";
		};
		8BC265532DEDD3F400F279A4 = {
			isa = PBXGroup;
			children = (
				8B90D1BC2DEE373300FBD189 /* Config */,
				8BC2655E2DEDD3F400F279A4 /* context */,
				8BC265772DEDD3F500F279A4 /* contextUITests */,
				8B90D1462DEDD44A00FBD189 /* Frameworks */,
				8BC2655D2DEDD3F400F279A4 /* Products */,
			);
			sourceTree = "<group>";
		};
		8BC2655D2DEDD3F400F279A4 /* Products */ = {
			isa = PBXGroup;
			children = (
				8BC2655C2DEDD3F400F279A4 /* .app */,
				8BC265742DEDD3F500F279A4 /* .xctest */,
			);
			name = Products;
			sourceTree = "<group>";
		};
/* End PBXGroup section */

/* Begin PBXNativeTarget section */
		8BC2655B2DEDD3F400F279A4 /* context */ = {
			isa = PBXNativeTarget;
			buildConfigurationList = 8BC2657E2DEDD3F500F279A4 /* Build configuration list for PBXNativeTarget "context" */;
			buildPhases = (
				8BC265582DEDD3F400F279A4 /* Sources */,
				8BC265592DEDD3F400F279A4 /* Frameworks */,
				8BC2655A2DEDD3F400F279A4 /* Resources */,
			);
			buildRules = (
			);
			dependencies = (
			);
			fileSystemSynchronizedGroups = (
				8B90D1BC2DEE373300FBD189 /* Config */,
				8BC2655E2DEDD3F400F279A4 /* context */,
			);
			name = context;
			packageProductDependencies = (
				8B90D1472DEDD44A00FBD189 /* contextFeature */,
			);
			productName = context;
			productReference = 8BC2655C2DEDD3F400F279A4 /* .app */;
			productType = "com.apple.product-type.application";
		};
		8BC265732DEDD3F500F279A4 /* contextUITests */ = {
			isa = PBXNativeTarget;
			buildConfigurationList = 8BC265842DEDD3F500F279A4 /* Build configuration list for PBXNativeTarget "contextUITests" */;
			buildPhases = (
				8BC265702DEDD3F500F279A4 /* Sources */,
				8BC265712DEDD3F500F279A4 /* Frameworks */,
				8BC265722DEDD3F500F279A4 /* Resources */,
			);
			buildRules = (
			);
			dependencies = (
				8BC265762DEDD3F500F279A4 /* PBXTargetDependency */,
			);
			fileSystemSynchronizedGroups = (
				8BC265772DEDD3F500F279A4 /* contextUITests */,
			);
			name = contextUITests;
			packageProductDependencies = (
			);
			productName = contextUITests;
			productReference = 8BC265742DEDD3F500F279A4 /* .xctest */;
			productType = "com.apple.product-type.bundle.ui-testing";
		};
/* End PBXNativeTarget section */

/* Begin PBXProject section */
		8BC265542DEDD3F400F279A4 /* Project object */ = {
			isa = PBXProject;
			attributes = {
				BuildIndependentTargetsInParallel = 1;
				LastSwiftUpdateCheck = 1630;
				LastUpgradeCheck = 1640;
				ORGANIZATIONNAME = "$(ORGANIZATION_NAME)";
				TargetAttributes = {
					8BC2655B2DEDD3F400F279A4 = {
						CreatedOnToolsVersion = 16.3;
					};
					8BC265732DEDD3F500F279A4 = {
						CreatedOnToolsVersion = 16.3;
						TestTargetID = 8BC2655B2DEDD3F400F279A4;
					};
				};
			};
			buildConfigurationList = 8BC265572DEDD3F400F279A4 /* Build configuration list for PBXProject "context" */;
			developmentRegion = en;
			hasScannedForEncodings = 0;
			knownRegions = (
				en,
				Base,
			);
			mainGroup = 8BC265532DEDD3F400F279A4;
			minimizedProjectReferenceProxies = 1;
			preferredProjectObjectVersion = 77;
			productRefGroup = 8BC2655D2DEDD3F400F279A4 /* Products */;
			projectDirPath = "";
			projectRoot = "";
			targets = (
				8BC2655B2DEDD3F400F279A4 /* context */,
				8BC265732DEDD3F500F279A4 /* contextUITests */,
			);
		};
/* End PBXProject section */

/* Begin PBXResourcesBuildPhase section */
		8BC2655A2DEDD3F400F279A4 /* Resources */ = {
			isa = PBXResourcesBuildPhase;
			buildActionMask = 2147483647;
			files = (
			);
			runOnlyForDeploymentPostprocessing = 0;
		};
		8BC265722DEDD3F500F279A4 /* Resources */ = {
			isa = PBXResourcesBuildPhase;
			buildActionMask = 2147483647;
			files = (
			);
			runOnlyForDeploymentPostprocessing = 0;
		};
/* End PBXResourcesBuildPhase section */

/* Begin PBXSourcesBuildPhase section */
		8BC265582DEDD3F400F279A4 /* Sources */ = {
			isa = PBXSourcesBuildPhase;
			buildActionMask = 2147483647;
			files = (
			);
			runOnlyForDeploymentPostprocessing = 0;
		};
		8BC265702DEDD3F500F279A4 /* Sources */ = {
			isa = PBXSourcesBuildPhase;
			buildActionMask = 2147483647;
			files = (
			);
			runOnlyForDeploymentPostprocessing = 0;
		};
/* End PBXSourcesBuildPhase section */

/* Begin PBXTargetDependency section */
		8BC265762DEDD3F500F279A4 /* PBXTargetDependency */ = {
			isa = PBXTargetDependency;
			target = 8BC2655B2DEDD3F400F279A4 /* context */;
			targetProxy = 8BC265752DEDD3F500F279A4 /* PBXContainerItemProxy */;
		};
/* End PBXTargetDependency section */

/* Begin XCBuildConfiguration section */
		8BC2657C2DEDD3F500F279A4 /* Debug */ = {
			isa = XCBuildConfiguration;
			buildSettings = {
				CLANG_WARN_BLOCK_CAPTURE_AUTORELEASING = YES;
				CLANG_WARN_BOOL_CONVERSION = YES;
				CLANG_WARN_COMMA = YES;
				CLANG_WARN_CONSTANT_CONVERSION = YES;
				CLANG_WARN_DEPRECATED_OBJC_IMPLEMENTATIONS = YES;
				CLANG_WARN_EMPTY_BODY = YES;
				CLANG_WARN_ENUM_CONVERSION = YES;
				CLANG_WARN_INFINITE_RECURSION = YES;
				CLANG_WARN_INT_CONVERSION = YES;
				CLANG_WARN_NON_LITERAL_NULL_CONVERSION = YES;
				CLANG_WARN_OBJC_IMPLICIT_RETAIN_SELF = YES;
				CLANG_WARN_OBJC_LITERAL_CONVERSION = YES;
				CLANG_WARN_QUOTED_INCLUDE_IN_FRAMEWORK_HEADER = YES;
				CLANG_WARN_RANGE_LOOP_ANALYSIS = YES;
				CLANG_WARN_STRICT_PROTOTYPES = YES;
				CLANG_WARN_SUSPICIOUS_MOVE = YES;
				CLANG_WARN_UNREACHABLE_CODE = YES;
				CLANG_WARN__DUPLICATE_METHOD_MATCH = YES;
				DEAD_CODE_STRIPPING = YES;
				ENABLE_STRICT_OBJC_MSGSEND = YES;
				ENABLE_TESTABILITY = YES;
				ENABLE_USER_SCRIPT_SANDBOXING = YES;
				GCC_NO_COMMON_BLOCKS = YES;
				GCC_WARN_64_TO_32_BIT_CONVERSION = YES;
				GCC_WARN_ABOUT_RETURN_TYPE = YES;
				GCC_WARN_UNDECLARED_SELECTOR = YES;
				GCC_WARN_UNINITIALIZED_AUTOS = YES;
				GCC_WARN_UNUSED_FUNCTION = YES;
				GCC_WARN_UNUSED_VARIABLE = YES;
				ONLY_ACTIVE_ARCH = YES;
				SWIFT_VERSION = 5.0;
			};
			name = Debug;
		};
		8BC2657D2DEDD3F500F279A4 /* Release */ = {
			isa = XCBuildConfiguration;
			buildSettings = {
				CLANG_WARN_BLOCK_CAPTURE_AUTORELEASING = YES;
				CLANG_WARN_BOOL_CONVERSION = YES;
				CLANG_WARN_COMMA = YES;
				CLANG_WARN_CONSTANT_CONVERSION = YES;
				CLANG_WARN_DEPRECATED_OBJC_IMPLEMENTATIONS = YES;
				CLANG_WARN_EMPTY_BODY = YES;
				CLANG_WARN_ENUM_CONVERSION = YES;
				CLANG_WARN_INFINITE_RECURSION = YES;
				CLANG_WARN_INT_CONVERSION = YES;
				CLANG_WARN_NON_LITERAL_NULL_CONVERSION = YES;
				CLANG_WARN_OBJC_IMPLICIT_RETAIN_SELF = YES;
				CLANG_WARN_OBJC_LITERAL_CONVERSION = YES;
				CLANG_WARN_QUOTED_INCLUDE_IN_FRAMEWORK_HEADER = YES;
				CLANG_WARN_RANGE_LOOP_ANALYSIS = YES;
				CLANG_WARN_STRICT_PROTOTYPES = YES;
				CLANG_WARN_SUSPICIOUS_MOVE = YES;
				CLANG_WARN_UNREACHABLE_CODE = YES;
				CLANG_WARN__DUPLICATE_METHOD_MATCH = YES;
				DEAD_CODE_STRIPPING = YES;
				ENABLE_STRICT_OBJC_MSGSEND = YES;
				ENABLE_USER_SCRIPT_SANDBOXING = YES;
				GCC_NO_COMMON_BLOCKS = YES;
				GCC_WARN_64_TO_32_BIT_CONVERSION = YES;
				GCC_WARN_ABOUT_RETURN_TYPE = YES;
				GCC_WARN_UNDECLARED_SELECTOR = YES;
				GCC_WARN_UNINITIALIZED_AUTOS = YES;
				GCC_WARN_UNUSED_FUNCTION = YES;
				GCC_WARN_UNUSED_VARIABLE = YES;
				SWIFT_VERSION = 5.0;
			};
			name = Release;
		};
		8BC2657F2DEDD3F500F279A4 /* Debug */ = {
			isa = XCBuildConfiguration;
			baseConfigurationReferenceAnchor = 8B90D1BC2DEE373300FBD189 /* Config */;
			baseConfigurationReferenceRelativePath = Debug.xcconfig;
			buildSettings = {
				CLANG_ENABLE_OBJC_WEAK = YES;
				DEAD_CODE_STRIPPING = YES;
				INFOPLIST_KEY_CFBundleDisplayName = "$(PRODUCT_DISPLAY_NAME)";
				SWIFT_VERSION = 5.0;
			};
			name = Debug;
		};
		8BC265802DEDD3F500F279A4 /* Release */ = {
			isa = XCBuildConfiguration;
			baseConfigurationReferenceAnchor = 8B90D1BC2DEE373300FBD189 /* Config */;
			baseConfigurationReferenceRelativePath = Release.xcconfig;
			buildSettings = {
				CLANG_ENABLE_OBJC_WEAK = YES;
				DEAD_CODE_STRIPPING = YES;
				INFOPLIST_KEY_CFBundleDisplayName = "$(PRODUCT_DISPLAY_NAME)";
				SWIFT_VERSION = 5.0;
			};
			name = Release;
		};
		8BC265852DEDD3F500F279A4 /* Debug */ = {
			isa = XCBuildConfiguration;
			baseConfigurationReferenceAnchor = 8B90D1BC2DEE373300FBD189 /* Config */;
			baseConfigurationReferenceRelativePath = Tests.xcconfig;
			buildSettings = {
				CLANG_ENABLE_OBJC_WEAK = YES;
				DEAD_CODE_STRIPPING = YES;
				SWIFT_VERSION = 5.0;
			};
			name = Debug;
		};
		8BC265862DEDD3F500F279A4 /* Release */ = {
			isa = XCBuildConfiguration;
			baseConfigurationReferenceAnchor = 8B90D1BC2DEE373300FBD189 /* Config */;
			baseConfigurationReferenceRelativePath = Tests.xcconfig;
			buildSettings = {
				CLANG_ENABLE_OBJC_WEAK = YES;
				DEAD_CODE_STRIPPING = YES;
				SWIFT_VERSION = 5.0;
			};
			name = Release;
		};
/* End XCBuildConfiguration section */

/* Begin XCConfigurationList section */
		8BC265572DEDD3F400F279A4 /* Build configuration list for PBXProject "context" */ = {
			isa = XCConfigurationList;
			buildConfigurations = (
				8BC2657C2DEDD3F500F279A4 /* Debug */,
				8BC2657D2DEDD3F500F279A4 /* Release */,
			);
			defaultConfigurationIsVisible = 0;
			defaultConfigurationName = Release;
		};
		8BC2657E2DEDD3F500F279A4 /* Build configuration list for PBXNativeTarget "context" */ = {
			isa = XCConfigurationList;
			buildConfigurations = (
				8BC2657F2DEDD3F500F279A4 /* Debug */,
				8BC265802DEDD3F500F279A4 /* Release */,
			);
			defaultConfigurationIsVisible = 0;
			defaultConfigurationName = Release;
		};
		8BC265842DEDD3F500F279A4 /* Build configuration list for PBXNativeTarget "contextUITests" */ = {
			isa = XCConfigurationList;
			buildConfigurations = (
				8BC265852DEDD3F500F279A4 /* Debug */,
				8BC265862DEDD3F500F279A4 /* Release */,
			);
			defaultConfigurationIsVisible = 0;
			defaultConfigurationName = Release;
		};
/* End XCConfigurationList section */

/* Begin XCSwiftPackageProductDependency section */
		8B90D1472DEDD44A00FBD189 /* contextFeature */ = {
			isa = XCSwiftPackageProductDependency;
			productName = contextFeature;
		};
/* End XCSwiftPackageProductDependency section */
	};
	rootObject = 8BC265542DEDD3F400F279A4 /* Project object */;
}
